
Microsoft Visual Studio Solution File, Format Version 11.00
# Visual Studio 2010
Project("{FAE04EC0-301F-11D3-BF4B-00C04F79EFBC}") = "Editor", "Editor\Editor.csproj", "{0AC3C7DA-A8BB-4812-8ADD-1CC6033C880A}"
EndProject
Project("{FAE04EC0-301F-11D3-BF4B-00C04F79EFBC}") = "Game", "Game\Game\Game.csproj", "{BE8814FF-22AB-49C5-A67F-AC078413089F}"
EndProject
Project("{FAE04EC0-301F-11D3-BF4B-00C04F79EFBC}") = "GameContent", "Game\GameContent\GameContent.contentproj", "{FCC4A227-424D-4679-AC01-95108991DA6E}"
EndProject
Project("{FAE04EC0-301F-11D3-BF4B-00C04F79EFBC}") = "ZarTools", "ZarTools\ZarTools\ZarTools.csproj", "{BB1439C6-5C86-4CDD-BD2A-3A93950F0723}"
EndProject
Project("{FAE04EC0-301F-11D3-BF4B-00C04F79EFBC}") = "Core", "Core\Core\Core.csproj", "{4FB6AE73-49CC-4AAA-9713-22160D90EFAD}"
EndProject
Global
	GlobalSection(SolutionConfigurationPlatforms) = preSolution
		Debug|Any CPU = Debug|Any CPU
		Debug|Mixed Platforms = Debug|Mixed Platforms
		Debug|x64 = Debug|x64
		Debug|x86 = Debug|x86
		Release|Any CPU = Release|Any CPU
		Release|Mixed Platforms = Release|Mixed Platforms
		Release|x64 = Release|x64
		Release|x86 = Release|x86
	EndGlobalSection
	GlobalSection(ProjectConfigurationPlatforms) = postSolution
		{0AC3C7DA-A8BB-4812-8ADD-1CC6033C880A}.Debug|Any CPU.ActiveCfg = Debug|x64
		{0AC3C7DA-A8BB-4812-8ADD-1CC6033C880A}.Debug|Mixed Platforms.ActiveCfg = Debug|x64
		{0AC3C7DA-A8BB-4812-8ADD-1CC6033C880A}.Debug|Mixed Platforms.Build.0 = Debug|x64
		{0AC3C7DA-A8BB-4812-8ADD-1CC6033C880A}.Debug|x64.ActiveCfg = Debug|x64
		{0AC3C7DA-A8BB-4812-8ADD-1CC6033C880A}.Debug|x64.Build.0 = Debug|x64
		{0AC3C7DA-A8BB-4812-8ADD-1CC6033C880A}.Debug|x86.ActiveCfg = Debug|x86
		{0AC3C7DA-A8BB-4812-8ADD-1CC6033C880A}.Debug|x86.Build.0 = Debug|x86
		{0AC3C7DA-A8BB-4812-8ADD-1CC6033C880A}.Release|Any CPU.ActiveCfg = Release|x64
		{0AC3C7DA-A8BB-4812-8ADD-1CC6033C880A}.Release|Mixed Platforms.ActiveCfg = Release|x64
		{0AC3C7DA-A8BB-4812-8ADD-1CC6033C880A}.Release|Mixed Platforms.Build.0 = Release|x64
		{0AC3C7DA-A8BB-4812-8ADD-1CC6033C880A}.Release|x64.ActiveCfg = Release|x64
		{0AC3C7DA-A8BB-4812-8ADD-1CC6033C880A}.Release|x64.Build.0 = Release|x64
		{0AC3C7DA-A8BB-4812-8ADD-1CC6033C880A}.Release|x86.ActiveCfg = Release|x86
		{0AC3C7DA-A8BB-4812-8ADD-1CC6033C880A}.Release|x86.Build.0 = Release|x86
		{BE8814FF-22AB-49C5-A67F-AC078413089F}.Debug|Any CPU.ActiveCfg = Debug|x86
		{BE8814FF-22AB-49C5-A67F-AC078413089F}.Debug|Mixed Platforms.ActiveCfg = Debug|x86
		{BE8814FF-22AB-49C5-A67F-AC078413089F}.Debug|Mixed Platforms.Build.0 = Debug|x86
		{BE8814FF-22AB-49C5-A67F-AC078413089F}.Debug|x64.ActiveCfg = Debug|x86
		{BE8814FF-22AB-49C5-A67F-AC078413089F}.Debug|x86.ActiveCfg = Debug|x86
		{BE8814FF-22AB-49C5-A67F-AC078413089F}.Debug|x86.Build.0 = Debug|x86
		{BE8814FF-22AB-49C5-A67F-AC078413089F}.Release|Any CPU.ActiveCfg = Release|x86
		{BE8814FF-22AB-49C5-A67F-AC078413089F}.Release|Mixed Platforms.ActiveCfg = Release|x86
		{BE8814FF-22AB-49C5-A67F-AC078413089F}.Release|Mixed Platforms.Build.0 = Release|x86
		{BE8814FF-22AB-49C5-A67F-AC078413089F}.Release|x64.ActiveCfg = Release|x86
		{BE8814FF-22AB-49C5-A67F-AC078413089F}.Release|x86.ActiveCfg = Release|x86
		{BE8814FF-22AB-49C5-A67F-AC078413089F}.Release|x86.Build.0 = Release|x86
		{FCC4A227-424D-4679-AC01-95108991DA6E}.Debug|Any CPU.ActiveCfg = Debug|x86
		{FCC4A227-424D-4679-AC01-95108991DA6E}.Debug|Mixed Platforms.ActiveCfg = Debug|x86
		{FCC4A227-424D-4679-AC01-95108991DA6E}.Debug|x64.ActiveCfg = Debug|x86
		{FCC4A227-424D-4679-AC01-95108991DA6E}.Debug|x86.ActiveCfg = Debug|x86
		{FCC4A227-424D-4679-AC01-95108991DA6E}.Release|Any CPU.ActiveCfg = Release|x86
		{FCC4A227-424D-4679-AC01-95108991DA6E}.Release|Mixed Platforms.ActiveCfg = Release|x86
		{FCC4A227-424D-4679-AC01-95108991DA6E}.Release|x64.ActiveCfg = Release|x86
		{FCC4A227-424D-4679-AC01-95108991DA6E}.Release|x86.ActiveCfg = Release|x86
		{BB1439C6-5C86-4CDD-BD2A-3A93950F0723}.Debug|Any CPU.ActiveCfg = Debug|x86
		{BB1439C6-5C86-4CDD-BD2A-3A93950F0723}.Debug|Mixed Platforms.ActiveCfg = Debug|x86
		{BB1439C6-5C86-4CDD-BD2A-3A93950F0723}.Debug|Mixed Platforms.Build.0 = Debug|x86
		{BB1439C6-5C86-4CDD-BD2A-3A93950F0723}.Debug|x64.ActiveCfg = Debug|x86
		{BB1439C6-5C86-4CDD-BD2A-3A93950F0723}.Debug|x86.ActiveCfg = Debug|x86
		{BB1439C6-5C86-4CDD-BD2A-3A93950F0723}.Debug|x86.Build.0 = Debug|x86
		{BB1439C6-5C86-4CDD-BD2A-3A93950F0723}.Release|Any CPU.ActiveCfg = Release|x86
		{BB1439C6-5C86-4CDD-BD2A-3A93950F0723}.Release|Mixed Platforms.ActiveCfg = Release|x86
		{BB1439C6-5C86-4CDD-BD2A-3A93950F0723}.Release|Mixed Platforms.Build.0 = Release|x86
		{BB1439C6-5C86-4CDD-BD2A-3A93950F0723}.Release|x64.ActiveCfg = Release|x86
		{BB1439C6-5C86-4CDD-BD2A-3A93950F0723}.Release|x86.ActiveCfg = Release|x86
		{BB1439C6-5C86-4CDD-BD2A-3A93950F0723}.Release|x86.Build.0 = Release|x86
		{4FB6AE73-49CC-4AAA-9713-22160D90EFAD}.Debug|Any CPU.ActiveCfg = Debug|Any CPU
		{4FB6AE73-49CC-4AAA-9713-22160D90EFAD}.Debug|Any CPU.Build.0 = Debug|Any CPU
		{4FB6AE73-49CC-4AAA-9713-22160D90EFAD}.Debug|Mixed Platforms.ActiveCfg = Debug|Any CPU
		{4FB6AE73-49CC-4AAA-9713-22160D90EFAD}.Debug|Mixed Platforms.Build.0 = Debug|Any CPU
		{4FB6AE73-49CC-4AAA-9713-22160D90EFAD}.Debug|x64.ActiveCfg = Debug|Any CPU
		{4FB6AE73-49CC-4AAA-9713-22160D90EFAD}.Debug|x86.ActiveCfg = Debug|Any CPU
		{4FB6AE73-49CC-4AAA-9713-22160D90EFAD}.Release|Any CPU.ActiveCfg = Release|Any CPU
		{4FB6AE73-49CC-4AAA-9713-22160D90EFAD}.Release|Any CPU.Build.0 = Release|Any CPU
		{4FB6AE73-49CC-4AAA-9713-22160D90EFAD}.Release|Mixed Platforms.ActiveCfg = Release|Any CPU
		{4FB6AE73-49CC-4AAA-9713-22160D90EFAD}.Release|Mixed Platforms.Build.0 = Release|Any CPU
		{4FB6AE73-49CC-4AAA-9713-22160D90EFAD}.Release|x64.ActiveCfg = Release|Any CPU
		{4FB6AE73-49CC-4AAA-9713-22160D90EFAD}.Release|x86.ActiveCfg = Release|Any CPU
	EndGlobalSection
	GlobalSection(SolutionProperties) = preSolution
		HideSolutionNode = FALSE
	EndGlobalSection
EndGlobal
